{
  "name": "IMAGS",
  "lockfileVersion": 3,
  "requires": true,
  "packages": {
    "": {
      "dependencies": {
        "essentia": "^0.1.1"
      }
    },
    "node_modules/essentia": {
      "version": "0.1.1",
      "resolved": "https://registry.npmjs.org/essentia/-/essentia-0.1.1.tgz",
      "integrity": "sha512-WDemOk4MzQfyPzpZSQcq9Jl9ku8ujLeIYFbJTXrHNrSU7s2ZvIMVFUc4kU3qqPNht/vRLZsSdJrsh7jO+KxKZg==",
      "license": "MIT"
    }
  }
}
